// !$*UTF8*$!
{
	archiveVersion = 1;
	classes = {
	};
	objectVersion = 50;
	objects = {

/* Begin PBXBuildFile section */
		08E4CB3A24D4D83100D3ADF6 /* AppDelegate.swift in Sources */ = {isa = PBXBuildFile; fileRef = 08E4CB3924D4D83100D3ADF6 /* AppDelegate.swift */; };
		08E4CB3C24D4D83100D3ADF6 /* SceneDelegate.swift in Sources */ = {isa = PBXBuildFile; fileRef = 08E4CB3B24D4D83100D3ADF6 /* SceneDelegate.swift */; };
		08E4CB3E24D4D83100D3ADF6 /* ViewController.swift in Sources */ = {isa = PBXBuildFile; fileRef = 08E4CB3D24D4D83100D3ADF6 /* ViewController.swift */; };
		08E4CB4124D4D83100D3ADF6 /* Main.storyboard in Resources */ = {isa = PBXBuildFile; fileRef = 08E4CB3F24D4D83100D3ADF6 /* Main.storyboard */; };
		08E4CB4424D4D83100D3ADF6 /* Swing_Classifier.xcdatamodeld in Sources */ = {isa = PBXBuildFile; fileRef = 08E4CB4224D4D83100D3ADF6 /* Swing_Classifier.xcdatamodeld */; };
		08E4CB4624D4D83500D3ADF6 /* Assets.xcassets in Resources */ = {isa = PBXBuildFile; fileRef = 08E4CB4524D4D83500D3ADF6 /* Assets.xcassets */; };
		08E4CB4924D4D83500D3ADF6 /* LaunchScreen.storyboard in Resources */ = {isa = PBXBuildFile; fileRef = 08E4CB4724D4D83500D3ADF6 /* LaunchScreen.storyboard */; };
		08E4CB5424D4D83500D3ADF6 /* Swing_ClassifierTests.swift in Sources */ = {isa = PBXBuildFile; fileRef = 08E4CB5324D4D83500D3ADF6 /* Swing_ClassifierTests.swift */; };
		08E4CB5F24D4D83500D3ADF6 /* Swing_ClassifierUITests.swift in Sources */ = {isa = PBXBuildFile; fileRef = 08E4CB5E24D4D83500D3ADF6 /* Swing_ClassifierUITests.swift */; };
		08E4CB6D24D4FE9600D3ADF6 /* Swing Classifier 1.mlmodel in Sources */ = {isa = PBXBuildFile; fileRef = 08E4CB6C24D4FE9500D3ADF6 /* Swing Classifier 1.mlmodel */; };
/* End PBXBuildFile section */

/* Begin PBXContainerItemProxy section */
		08E4CB5024D4D83500D3ADF6 /* PBXContainerItemProxy */ = {
			isa = PBXContainerItemProxy;
			containerPortal = 08E4CB2E24D4D83100D3ADF6 /* Project object */;
			proxyType = 1;
			remoteGlobalIDString = 08E4CB3524D4D83100D3ADF6;
			remoteInfo = "Swing Classifier";
		};
		08E4CB5B24D4D83500D3ADF6 /* PBXContainerItemProxy */ = {
			isa = PBXContainerItemProxy;
			containerPortal = 08E4CB2E24D4D83100D3ADF6 /* Project object */;
			proxyType = 1;
			remoteGlobalIDString = 08E4CB3524D4D83100D3ADF6;
			remoteInfo = "Swing Classifier";
		};
/* End PBXContainerItemProxy section */

/* Begin PBXFileReference section */
		08E4CB3624D4D83100D3ADF6 /* Swing Classifier.app */ = {isa = PBXFileReference; explicitFileType = wrapper.application; includeInIndex = 0; path = "Swing Classifier.app"; sourceTree = BUILT_PRODUCTS_DIR; };
		08E4CB3924D4D83100D3ADF6 /* AppDelegate.swift */ = {isa = PBXFileReference; lastKnownFileType = sourcecode.swift; path = AppDelegate.swift; sourceTree = "<group>"; };
		08E4CB3B24D4D83100D3ADF6 /* SceneDelegate.swift */ = {isa = PBXFileReference; lastKnownFileType = sourcecode.swift; path = SceneDelegate.swift; sourceTree = "<group>"; };
		08E4CB3D24D4D83100D3ADF6 /* ViewController.swift */ = {isa = PBXFileReference; lastKnownFileType = sourcecode.swift; path = ViewController.swift; sourceTree = "<group>"; };
		08E4CB4024D4D83100D3ADF6 /* Base */ = {isa = PBXFileReference; lastKnownFileType = file.storyboard; name = Base; path = Base.lproj/Main.storyboard; sourceTree = "<group>"; };
		08E4CB4324D4D83100D3ADF6 /* Swing_Classifier.xcdatamodel */ = {isa = PBXFileReference; lastKnownFileType = wrapper.xcdatamodel; path = Swing_Classifier.xcdatamodel; sourceTree = "<group>"; };
		08E4CB4524D4D83500D3ADF6 /* Assets.xcassets */ = {isa = PBXFileReference; lastKnownFileType = folder.assetcatalog; path = Assets.xcassets; sourceTree = "<group>"; };
		08E4CB4824D4D83500D3ADF6 /* Base */ = {isa = PBXFileReference; lastKnownFileType = file.storyboard; name = Base; path = Base.lproj/LaunchScreen.storyboard; sourceTree = "<group>"; };
		08E4CB4A24D4D83500D3ADF6 /* Info.plist */ = {isa = PBXFileReference; lastKnownFileType = text.plist.xml; path = Info.plist; sourceTree = "<group>"; };
		08E4CB4F24D4D83500D3ADF6 /* Swing ClassifierTests.xctest */ = {isa = PBXFileReference; explicitFileType = wrapper.cfbundle; includeInIndex = 0; path = "Swing ClassifierTests.xctest"; sourceTree = BUILT_PRODUCTS_DIR; };
		08E4CB5324D4D83500D3ADF6 /* Swing_ClassifierTests.swift */ = {isa = PBXFileReference; lastKnownFileType = sourcecode.swift; path = Swing_ClassifierTests.swift; sourceTree = "<group>"; };
		08E4CB5524D4D83500D3ADF6 /* Info.plist */ = {isa = PBXFileReference; lastKnownFileType = text.plist.xml; path = Info.plist; sourceTree = "<group>"; };
		08E4CB5A24D4D83500D3ADF6 /* Swing ClassifierUITests.xctest */ = {isa = PBXFileReference; explicitFileType = wrapper.cfbundle; includeInIndex = 0; path = "Swing ClassifierUITests.xctest"; sourceTree = BUILT_PRODUCTS_DIR; };
		08E4CB5E24D4D83500D3ADF6 /* Swing_ClassifierUITests.swift */ = {isa = PBXFileReference; lastKnownFileType = sourcecode.swift; path = Swing_ClassifierUITests.swift; sourceTree = "<group>"; };
		08E4CB6024D4D83500D3ADF6 /* Info.plist */ = {isa = PBXFileReference; lastKnownFileType = text.plist.xml; path = Info.plist; sourceTree = "<group>"; };
		08E4CB6C24D4FE9500D3ADF6 /* Swing Classifier 1.mlmodel */ = {isa = PBXFileReference; lastKnownFileType = file.mlmodel; path = "Swing Classifier 1.mlmodel"; sourceTree = "<group>"; };
/* End PBXFileReference section */

/* Begin PBXFrameworksBuildPhase section */
		08E4CB3324D4D83100D3ADF6 /* Frameworks */ = {
			isa = PBXFrameworksBuildPhase;
			buildActionMask = 2147483647;
			files = (
			);
			runOnlyForDeploymentPostprocessing = 0;
		};
		08E4CB4C24D4D83500D3ADF6 /* Frameworks */ = {
			isa = PBXFrameworksBuildPhase;
			buildActionMask = 2147483647;
			files = (
			);
			runOnlyForDeploymentPostprocessing = 0;
		};
		08E4CB5724D4D83500D3ADF6 /* Frameworks */ = {
			isa = PBXFrameworksBuildPhase;
			buildActionMask = 2147483647;
			files = (
			);
			runOnlyForDeploymentPostprocessing = 0;
		};
/* End PBXFrameworksBuildPhase section */

/* Begin PBXGroup section */
		08E4CB2D24D4D83100D3ADF6 = {
			isa = PBXGroup;
			children = (
				08E4CB3824D4D83100D3ADF6 /* Swing Classifier */,
				08E4CB5224D4D83500D3ADF6 /* Swing ClassifierTests */,
				08E4CB5D24D4D83500D3ADF6 /* Swing ClassifierUITests */,
				08E4CB3724D4D83100D3ADF6 /* Products */,
			);
			sourceTree = "<group>";
		};
		08E4CB3724D4D83100D3ADF6 /* Products */ = {
			isa = PBXGroup;
			children = (
				08E4CB3624D4D83100D3ADF6 /* Swing Classifier.app */,
				08E4CB4F24D4D83500D3ADF6 /* Swing ClassifierTests.xctest */,
				08E4CB5A24D4D83500D3ADF6 /* Swing ClassifierUITests.xctest */,
			);
			name = Products;
			sourceTree = "<group>";
		};
		08E4CB3824D4D83100D3ADF6 /* Swing Classifier */ = {
			isa = PBXGroup;
			children = (
				08E4CB3924D4D83100D3ADF6 /* AppDelegate.swift */,
				08E4CB3B24D4D83100D3ADF6 /* SceneDelegate.swift */,
				08E4CB3D24D4D83100D3ADF6 /* ViewController.swift */,
				08E4CB3F24D4D83100D3ADF6 /* Main.storyboard */,
				08E4CB6C24D4FE9500D3ADF6 /* Swing Classifier 1.mlmodel */,
				08E4CB4524D4D83500D3ADF6 /* Assets.xcassets */,
				08E4CB4724D4D83500D3ADF6 /* LaunchScreen.storyboard */,
				08E4CB4A24D4D83500D3ADF6 /* Info.plist */,
				08E4CB4224D4D83100D3ADF6 /* Swing_Classifier.xcdatamodeld */,
			);
			path = "Swing Classifier";
			sourceTree = "<group>";
		};
		08E4CB5224D4D83500D3ADF6 /* Swing ClassifierTests */ = {
			isa = PBXGroup;
			children = (
				08E4CB5324D4D83500D3ADF6 /* Swing_ClassifierTests.swift */,
				08E4CB5524D4D83500D3ADF6 /* Info.plist */,
			);
			path = "Swing ClassifierTests";
			sourceTree = "<group>";
		};
		08E4CB5D24D4D83500D3ADF6 /* Swing ClassifierUITests */ = {
			isa = PBXGroup;
			children = (
				08E4CB5E24D4D83500D3ADF6 /* Swing_ClassifierUITests.swift */,
				08E4CB6024D4D83500D3ADF6 /* Info.plist */,
			);
			path = "Swing ClassifierUITests";
			sourceTree = "<group>";
		};
/* End PBXGroup section */

/* Begin PBXNativeTarget section */
		08E4CB3524D4D83100D3ADF6 /* Swing Classifier */ = {
			isa = PBXNativeTarget;
			buildConfigurationList = 08E4CB6324D4D83500D3ADF6 /* Build configuration list for PBXNativeTarget "Swing Classifier" */;
			buildPhases = (
				08E4CB3224D4D83100D3ADF6 /* Sources */,
				08E4CB3324D4D83100D3ADF6 /* Frameworks */,
				08E4CB3424D4D83100D3ADF6 /* Resources */,
			);
			buildRules = (
			);
			dependencies = (
			);
			name = "Swing Classifier";
			productName = "Swing Classifier";
			productReference = 08E4CB3624D4D83100D3ADF6 /* Swing Classifier.app */;
			productType = "com.apple.product-type.application";
		};
		08E4CB4E24D4D83500D3ADF6 /* Swing ClassifierTests */ = {
			isa = PBXNativeTarget;
			buildConfigurationList = 08E4CB6624D4D83500D3ADF6 /* Build configuration list for PBXNativeTarget "Swing ClassifierTests" */;
			buildPhases = (
				08E4CB4B24D4D83500D3ADF6 /* Sources */,
				08E4CB4C24D4D83500D3ADF6 /* Frameworks */,
				08E4CB4D24D4D83500D3ADF6 /* Resources */,
			);
			buildRules = (
			);
			dependencies = (
				08E4CB5124D4D83500D3ADF6 /* PBXTargetDependency */,
			);
			name = "Swing ClassifierTests";
			productName = "Swing ClassifierTests";
			productReference = 08E4CB4F24D4D83500D3ADF6 /* Swing ClassifierTests.xctest */;
			productType = "com.apple.product-type.bundle.unit-test";
		};
		08E4CB5924D4D83500D3ADF6 /* Swing ClassifierUITests */ = {
			isa = PBXNativeTarget;
			buildConfigurationList = 08E4CB6924D4D83500D3ADF6 /* Build configuration list for PBXNativeTarget "Swing ClassifierUITests" */;
			buildPhases = (
				08E4CB5624D4D83500D3ADF6 /* Sources */,
				08E4CB5724D4D83500D3ADF6 /* Frameworks */,
				08E4CB5824D4D83500D3ADF6 /* Resources */,
			);
			buildRules = (
			);
			dependencies = (
				08E4CB5C24D4D83500D3ADF6 /* PBXTargetDependency */,
			);
			name = "Swing ClassifierUITests";
			productName = "Swing ClassifierUITests";
			productReference = 08E4CB5A24D4D83500D3ADF6 /* Swing ClassifierUITests.xctest */;
			productType = "com.apple.product-type.bundle.ui-testing";
		};
/* End PBXNativeTarget section */

/* Begin PBXProject section */
		08E4CB2E24D4D83100D3ADF6 /* Project object */ = {
			isa = PBXProject;
			attributes = {
				LastSwiftUpdateCheck = 1160;
				LastUpgradeCheck = 1160;
				ORGANIZATIONNAME = "Riya Nandakumar";
				TargetAttributes = {
					08E4CB3524D4D83100D3ADF6 = {
						CreatedOnToolsVersion = 11.6;
					};
					08E4CB4E24D4D83500D3ADF6 = {
						CreatedOnToolsVersion = 11.6;
						TestTargetID = 08E4CB3524D4D83100D3ADF6;
					};
					08E4CB5924D4D83500D3ADF6 = {
						CreatedOnToolsVersion = 11.6;
						TestTargetID = 08E4CB3524D4D83100D3ADF6;
					};
				};
			};
			buildConfigurationList = 08E4CB3124D4D83100D3ADF6 /* Build configuration list for PBXProject "Swing Classifier" */;
			compatibilityVersion = "Xcode 9.3";
			developmentRegion = en;
			hasScannedForEncodings = 0;
			knownRegions = (
				en,
				Base,
			);
			mainGroup = 08E4CB2D24D4D83100D3ADF6;
			productRefGroup = 08E4CB3724D4D83100D3ADF6 /* Products */;
			projectDirPath = "";
			projectRoot = "";
			targets = (
				08E4CB3524D4D83100D3ADF6 /* Swing Classifier */,
				08E4CB4E24D4D83500D3ADF6 /* Swing ClassifierTests */,
				08E4CB5924D4D83500D3ADF6 /* Swing ClassifierUITests */,
			);
		};
/* End PBXProject section */

/* Begin PBXResourcesBuildPhase section */
		08E4CB3424D4D83100D3ADF6 /* Resources */ = {
			isa = PBXResourcesBuildPhase;
			buildActionMask = 2147483647;
			files = (
				08E4CB4924D4D83500D3ADF6 /* LaunchScreen.storyboard in Resources */,
				08E4CB4624D4D83500D3ADF6 /* Assets.xcassets in Resources */,
				08E4CB4124D4D83100D3ADF6 /* Main.storyboard in Resources */,
			);
			runOnlyForDeploymentPostprocessing = 0;
		};
		08E4CB4D24D4D83500D3ADF6 /* Resources */ = {
			isa = PBXResourcesBuildPhase;
			buildActionMask = 2147483647;
			files = (
			);
			runOnlyForDeploymentPostprocessing = 0;
		};
		08E4CB5824D4D83500D3ADF6 /* Resources */ = {
			isa = PBXResourcesBuildPhase;
			buildActionMask = 2147483647;
			files = (
			);
			runOnlyForDeploymentPostprocessing = 0;
		};
/* End PBXResourcesBuildPhase section */

/* Begin PBXSourcesBuildPhase section */
		08E4CB3224D4D83100D3ADF6 /* Sources */ = {
			isa = PBXSourcesBuildPhase;
			buildActionMask = 2147483647;
			files = (
				08E4CB3E24D4D83100D3ADF6 /* ViewController.swift in Sources */,
				08E4CB4424D4D83100D3ADF6 /* Swing_Classifier.xcdatamodeld in Sources */,
				08E4CB3A24D4D83100D3ADF6 /* AppDelegate.swift in Sources */,
				08E4CB3C24D4D83100D3ADF6 /* SceneDelegate.swift in Sources */,
				08E4CB6D24D4FE9600D3ADF6 /* Swing Classifier 1.mlmodel in Sources */,
			);
			runOnlyForDeploymentPostprocessing = 0;
		};
		08E4CB4B24D4D83500D3ADF6 /* Sources */ = {
			isa = PBXSourcesBuildPhase;
			buildActionMask = 2147483647;
			files = (
				08E4CB5424D4D83500D3ADF6 /* Swing_ClassifierTests.swift in Sources */,
			);
			runOnlyForDeploymentPostprocessing = 0;
		};
		08E4CB5624D4D83500D3ADF6 /* Sources */ = {
			isa = PBXSourcesBuildPhase;
			buildActionMask = 2147483647;
			files = (
				08E4CB5F24D4D83500D3ADF6 /* Swing_ClassifierUITests.swift in Sources */,
			);
			runOnlyForDeploymentPostprocessing = 0;
		};
/* End PBXSourcesBuildPhase section */

/* Begin PBXTargetDependency section */
		08E4CB5124D4D83500D3ADF6 /* PBXTargetDependency */ = {
			isa = PBXTargetDependency;
			target = 08E4CB3524D4D83100D3ADF6 /* Swing Classifier */;
			targetProxy = 08E4CB5024D4D83500D3ADF6 /* PBXContainerItemProxy */;
		};
		08E4CB5C24D4D83500D3ADF6 /* PBXTargetDependency */ = {
			isa = PBXTargetDependency;
			target = 08E4CB3524D4D83100D3ADF6 /* Swing Classifier */;
			targetProxy = 08E4CB5B24D4D83500D3ADF6 /* PBXContainerItemProxy */;
		};
/* End PBXTargetDependency section */

/* Begin PBXVariantGroup section */
		08E4CB3F24D4D83100D3ADF6 /* Main.storyboard */ = {
			isa = PBXVariantGroup;
			children = (
				08E4CB4024D4D83100D3ADF6 /* Base */,
			);
			name = Main.storyboard;
			sourceTree = "<group>";
		};
		08E4CB4724D4D83500D3ADF6 /* LaunchScreen.storyboard */ = {
			isa = PBXVariantGroup;
			children = (
				08E4CB4824D4D83500D3ADF6 /* Base */,
			);
			name = LaunchScreen.storyboard;
			sourceTree = "<group>";
		};
/* End PBXVariantGroup section */

/* Begin XCBuildConfiguration section */
		08E4CB6124D4D83500D3ADF6 /* Debug */ = {
			isa = XCBuildConfiguration;
			buildSettings = {
				ALWAYS_SEARCH_USER_PATHS = NO;
				CLANG_ANALYZER_NONNULL = YES;
				CLANG_ANALYZER_NUMBER_OBJECT_CONVERSION = YES_AGGRESSIVE;
				CLANG_CXX_LANGUAGE_STANDARD = "gnu++14";
				CLANG_CXX_LIBRARY = "libc++";
				CLANG_ENABLE_MODULES = YES;
				CLANG_ENABLE_OBJC_ARC = YES;
				CLANG_ENABLE_OBJC_WEAK = YES;
				CLANG_WARN_BLOCK_CAPTURE_AUTORELEASING = YES;
				CLANG_WARN_BOOL_CONVERSION = YES;
				CLANG_WARN_COMMA = YES;
				CLANG_WARN_CONSTANT_CONVERSION = YES;
				CLANG_WARN_DEPRECATED_OBJC_IMPLEMENTATIONS = YES;
				CLANG_WARN_DIRECT_OBJC_ISA_USAGE = YES_ERROR;
				CLANG_WARN_DOCUMENTATION_COMMENTS = YES;
				CLANG_WARN_EMPTY_BODY = YES;
				CLANG_WARN_ENUM_CONVERSION = YES;
				CLANG_WARN_INFINITE_RECURSION = YES;
				CLANG_WARN_INT_CONVERSION = YES;
				CLANG_WARN_NON_LITERAL_NULL_CONVERSION = YES;
				CLANG_WARN_OBJC_IMPLICIT_RETAIN_SELF = YES;
				CLANG_WARN_OBJC_LITERAL_CONVERSION = YES;
				CLANG_WARN_OBJC_ROOT_CLASS = YES_ERROR;
				CLANG_WARN_RANGE_LOOP_ANALYSIS = YES;
				CLANG_WARN_STRICT_PROTOTYPES = YES;
				CLANG_WARN_SUSPICIOUS_MOVE = YES;
				CLANG_WARN_UNGUARDED_AVAILABILITY = YES_AGGRESSIVE;
				CLANG_WARN_UNREACHABLE_CODE = YES;
				CLANG_WARN__DUPLICATE_METHOD_MATCH = YES;
				COPY_PHASE_STRIP = NO;
				DEBUG_INFORMATION_FORMAT = dwarf;
				ENABLE_STRICT_OBJC_MSGSEND = YES;
				ENABLE_TESTABILITY = YES;
				GCC_C_LANGUAGE_STANDARD = gnu11;
				GCC_DYNAMIC_NO_PIC = NO;
				GCC_NO_COMMON_BLOCKS = YES;
				GCC_OPTIMIZATION_LEVEL = 0;
				GCC_PREPROCESSOR_DEFINITIONS = (
					"DEBUG=1",
					"$(inherited)",
				);
				GCC_WARN_64_TO_32_BIT_CONVERSION = YES;
				GCC_WARN_ABOUT_RETURN_TYPE = YES_ERROR;
				GCC_WARN_UNDECLARED_SELECTOR = YES;
				GCC_WARN_UNINITIALIZED_AUTOS = YES_AGGRESSIVE;
				GCC_WARN_UNUSED_FUNCTION = YES;
				GCC_WARN_UNUSED_VARIABLE = YES;
				IPHONEOS_DEPLOYMENT_TARGET = 13.6;
				MTL_ENABLE_DEBUG_INFO = INCLUDE_SOURCE;
				MTL_FAST_MATH = YES;
				ONLY_ACTIVE_ARCH = YES;
				SDKROOT = iphoneos;
				SWIFT_ACTIVE_COMPILATION_CONDITIONS = DEBUG;
				SWIFT_OPTIMIZATION_LEVEL = "-Onone";
			};
			name = Debug;
		};
		08E4CB6224D4D83500D3ADF6 /* Release */ = {
			isa = XCBuildConfiguration;
			buildSettings = {
				ALWAYS_SEARCH_USER_PATHS = NO;
				CLANG_ANALYZER_NONNULL = YES;
				CLANG_ANALYZER_NUMBER_OBJECT_CONVERSION = YES_AGGRESSIVE;
				CLANG_CXX_LANGUAGE_STANDARD = "gnu++14";
				CLANG_CXX_LIBRARY = "libc++";
				CLANG_ENABLE_MODULES = YES;
				CLANG_ENABLE_OBJC_ARC = YES;
				CLANG_ENABLE_OBJC_WEAK = YES;
				CLANG_WARN_BLOCK_CAPTURE_AUTORELEASING = YES;
				CLANG_WARN_BOOL_CONVERSION = YES;
				CLANG_WARN_COMMA = YES;
				CLANG_WARN_CONSTANT_CONVERSION = YES;
				CLANG_WARN_DEPRECATED_OBJC_IMPLEMENTATIONS = YES;
				CLANG_WARN_DIRECT_OBJC_ISA_USAGE = YES_ERROR;
				CLANG_WARN_DOCUMENTATION_COMMENTS = YES;
				CLANG_WARN_EMPTY_BODY = YES;
				CLANG_WARN_ENUM_CONVERSION = YES;
				CLANG_WARN_INFINITE_RECURSION = YES;
				CLANG_WARN_INT_CONVERSION = YES;
				CLANG_WARN_NON_LITERAL_NULL_CONVERSION = YES;
				CLANG_WARN_OBJC_IMPLICIT_RETAIN_SELF = YES;
				CLANG_WARN_OBJC_LITERAL_CONVERSION = YES;
				CLANG_WARN_OBJC_ROOT_CLASS = YES_ERROR;
				CLANG_WARN_RANGE_LOOP_ANALYSIS = YES;
				CLANG_WARN_STRICT_PROTOTYPES = YES;
				CLANG_WARN_SUSPICIOUS_MOVE = YES;
				CLANG_WARN_UNGUARDED_AVAILABILITY = YES_AGGRESSIVE;
				CLANG_WARN_UNREACHABLE_CODE = YES;
				CLANG_WARN__DUPLICATE_METHOD_MATCH = YES;
				COPY_PHASE_STRIP = NO;
				DEBUG_INFORMATION_FORMAT = "dwarf-with-dsym";
				ENABLE_NS_ASSERTIONS = NO;
				ENABLE_STRICT_OBJC_MSGSEND = YES;
				GCC_C_LANGUAGE_STANDARD = gnu11;
				GCC_NO_COMMON_BLOCKS = YES;
				GCC_WARN_64_TO_32_BIT_CONVERSION = YES;
				GCC_WARN_ABOUT_RETURN_TYPE = YES_ERROR;
				GCC_WARN_UNDECLARED_SELECTOR = YES;
				GCC_WARN_UNINITIALIZED_AUTOS = YES_AGGRESSIVE;
				GCC_WARN_UNUSED_FUNCTION = YES;
				GCC_WARN_UNUSED_VARIABLE = YES;
				IPHONEOS_DEPLOYMENT_TARGET = 13.6;
				MTL_ENABLE_DEBUG_INFO = NO;
				MTL_FAST_MATH = YES;
				SDKROOT = iphoneos;
				SWIFT_COMPILATION_MODE = wholemodule;
				SWIFT_OPTIMIZATION_LEVEL = "-O";
				VALIDATE_PRODUCT = YES;
			};
			name = Release;
		};
		08E4CB6424D4D83500D3ADF6 /* Debug */ = {
			isa = XCBuildConfiguration;
			buildSettings = {
				ASSETCATALOG_COMPILER_APPICON_NAME = AppIcon;
				CODE_SIGN_STYLE = Automatic;
				INFOPLIST_FILE = "Swing Classifier/Info.plist";
				LD_RUNPATH_SEARCH_PATHS = (
					"$(inherited)",
					"@executable_path/Frameworks",
				);
				PRODUCT_BUNDLE_IDENTIFIER = "RN.Swing-Classifier";
				PRODUCT_NAME = "$(TARGET_NAME)";
				SWIFT_VERSION = 5.0;
				TARGETED_DEVICE_FAMILY = "1,2";
			};
			name = Debug;
		};
		08E4CB6524D4D83500D3ADF6 /* Release */ = {
			isa = XCBuildConfiguration;
			buildSettings = {
				ASSETCATALOG_COMPILER_APPICON_NAME = AppIcon;
				CODE_SIGN_STYLE = Automatic;
				INFOPLIST_FILE = "Swing Classifier/Info.plist";
				LD_RUNPATH_SEARCH_PATHS = (
					"$(inherited)",
					"@executable_path/Frameworks",
				);
				PRODUCT_BUNDLE_IDENTIFIER = "RN.Swing-Classifier";
				PRODUCT_NAME = "$(TARGET_NAME)";
				SWIFT_VERSION = 5.0;
				TARGETED_DEVICE_FAMILY = "1,2";
			};
			name = Release;
		};
		08E4CB6724D4D83500D3ADF6 /* Debug */ = {
			isa = XCBuildConfiguration;
			buildSettings = {
				ALWAYS_EMBED_SWIFT_STANDARD_LIBRARIES = YES;
				BUNDLE_LOADER = "$(TEST_HOST)";
				CODE_SIGN_STYLE = Automatic;
				INFOPLIST_FILE = "Swing ClassifierTests/Info.plist";
				IPHONEOS_DEPLOYMENT_TARGET = 13.6;
				LD_RUNPATH_SEARCH_PATHS = (
					"$(inherited)",
					"@executable_path/Frameworks",
					"@loader_path/Frameworks",
				);
				PRODUCT_BUNDLE_IDENTIFIER = "RN.Swing-ClassifierTests";
				PRODUCT_NAME = "$(TARGET_NAME)";
				SWIFT_VERSION = 5.0;
				TARGETED_DEVICE_FAMILY = "1,2";
				TEST_HOST = "$(BUILT_PRODUCTS_DIR)/Swing Classifier.app/Swing Classifier";
			};
			name = Debug;
		};
		08E4CB6824D4D83500D3ADF6 /* Release */ = {
			isa = XCBuildConfiguration;
			buildSettings = {
				ALWAYS_EMBED_SWIFT_STANDARD_LIBRARIES = YES;
				BUNDLE_LOADER = "$(TEST_HOST)";
				CODE_SIGN_STYLE = Automatic;
				INFOPLIST_FILE = "Swing ClassifierTests/Info.plist";
				IPHONEOS_DEPLOYMENT_TARGET = 13.6;
				LD_RUNPATH_SEARCH_PATHS = (
					"$(inherited)",
					"@executable_path/Frameworks",
					"@loader_path/Frameworks",
				);
				PRODUCT_BUNDLE_IDENTIFIER = "RN.Swing-ClassifierTests";
				PRODUCT_NAME = "$(TARGET_NAME)";
				SWIFT_VERSION = 5.0;
				TARGETED_DEVICE_FAMILY = "1,2";
				TEST_HOST = "$(BUILT_PRODUCTS_DIR)/Swing Classifier.app/Swing Classifier";
			};
			name = Release;
		};
		08E4CB6A24D4D83500D3ADF6 /* Debug */ = {
			isa = XCBuildConfiguration;
			buildSettings = {
				ALWAYS_EMBED_SWIFT_STANDARD_LIBRARIES = YES;
				CODE_SIGN_STYLE = Automatic;
				INFOPLIST_FILE = "Swing ClassifierUITests/Info.plist";
				LD_RUNPATH_SEARCH_PATHS = (
					"$(inherited)",
					"@executable_path/Frameworks",
					"@loader_path/Frameworks",
				);
				PRODUCT_BUNDLE_IDENTIFIER = "RN.Swing-ClassifierUITests";
				PRODUCT_NAME = "$(TARGET_NAME)";
				SWIFT_VERSION = 5.0;
				TARGETED_DEVICE_FAMILY = "1,2";
				TEST_TARGET_NAME = "Swing Classifier";
			};
			name = Debug;
		};
		08E4CB6B24D4D83500D3ADF6 /* Release */ = {
			isa = XCBuildConfiguration;
			buildSettings = {
				ALWAYS_EMBED_SWIFT_STANDARD_LIBRARIES = YES;
				CODE_SIGN_STYLE = Automatic;
				INFOPLIST_FILE = "Swing ClassifierUITests/Info.plist";
				LD_RUNPATH_SEARCH_PATHS = (
					"$(inherited)",
					"@executable_path/Frameworks",
					"@loader_path/Frameworks",
				);
				PRODUCT_BUNDLE_IDENTIFIER = "RN.Swing-ClassifierUITests";
				PRODUCT_NAME = "$(TARGET_NAME)";
				SWIFT_VERSION = 5.0;
				TARGETED_DEVICE_FAMILY = "1,2";
				TEST_TARGET_NAME = "Swing Classifier";
			};
			name = Release;
		};
/* End XCBuildConfiguration section */

/* Begin XCConfigurationList section */
		08E4CB3124D4D83100D3ADF6 /* Build configuration list for PBXProject "Swing Classifier" */ = {
			isa = XCConfigurationList;
			buildConfigurations = (
				08E4CB6124D4D83500D3ADF6 /* Debug */,
				08E4CB6224D4D83500D3ADF6 /* Release */,
			);
			defaultConfigurationIsVisible = 0;
			defaultConfigurationName = Release;
		};
		08E4CB6324D4D83500D3ADF6 /* Build configuration list for PBXNativeTarget "Swing Classifier" */ = {
			isa = XCConfigurationList;
			buildConfigurations = (
				08E4CB6424D4D83500D3ADF6 /* Debug */,
				08E4CB6524D4D83500D3ADF6 /* Release */,
			);
			defaultConfigurationIsVisible = 0;
			defaultConfigurationName = Release;
		};
		08E4CB6624D4D83500D3ADF6 /* Build configuration list for PBXNativeTarget "Swing ClassifierTests" */ = {
			isa = XCConfigurationList;
			buildConfigurations = (
				08E4CB6724D4D83500D3ADF6 /* Debug */,
				08E4CB6824D4D83500D3ADF6 /* Release */,
			);
			defaultConfigurationIsVisible = 0;
			defaultConfigurationName = Release;
		};
		08E4CB6924D4D83500D3ADF6 /* Build configuration list for PBXNativeTarget "Swing ClassifierUITests" */ = {
			isa = XCConfigurationList;
			buildConfigurations = (
				08E4CB6A24D4D83500D3ADF6 /* Debug */,
				08E4CB6B24D4D83500D3ADF6 /* Release */,
			);
			defaultConfigurationIsVisible = 0;
			defaultConfigurationName = Release;
		};
/* End XCConfigurationList section */

/* Begin XCVersionGroup section */
		08E4CB4224D4D83100D3ADF6 /* Swing_Classifier.xcdatamodeld */ = {
			isa = XCVersionGroup;
			children = (
				08E4CB4324D4D83100D3ADF6 /* Swing_Classifier.xcdatamodel */,
			);
			currentVersion = 08E4CB4324D4D83100D3ADF6 /* Swing_Classifier.xcdatamodel */;
			path = Swing_Classifier.xcdatamodeld;
			sourceTree = "<group>";
			versionGroupType = wrapper.xcdatamodel;
		};
/* End XCVersionGroup section */
	};
	rootObject = 08E4CB2E24D4D83100D3ADF6 /* Project object */;
}
